// !$*UTF8*$!
{
	archiveVersion = 1;
	classes = {
	};
	objectVersion = 46;
	objects = {

/* Begin PBXBuildFile section */
		2B978E8224E776F900B34A24 /* DetailVC.swift in Sources */ = {isa = PBXBuildFile; fileRef = 2B978E8124E776F900B34A24 /* DetailVC.swift */; };
		9E131B2E24EB966F00F81134 /* ScannerController.swift in Sources */ = {isa = PBXBuildFile; fileRef = 9E131B2D24EB966F00F81134 /* ScannerController.swift */; };
		BA68E821BA943A3D1C4C1FA6 /* Pods_BeginnerTableView.framework in Frameworks */ = {isa = PBXBuildFile; fileRef = 06C88CDDE405B7BDE1BCBA7E /* Pods_BeginnerTableView.framework */; };
		ED47EDA11ECF4D0E00F5FC0E /* AppDelegate.swift in Sources */ = {isa = PBXBuildFile; fileRef = ED47EDA01ECF4D0E00F5FC0E /* AppDelegate.swift */; };
		ED47EDA61ECF4D0E00F5FC0E /* Main.storyboard in Resources */ = {isa = PBXBuildFile; fileRef = ED47EDA41ECF4D0E00F5FC0E /* Main.storyboard */; };
		ED47EDA81ECF4D0E00F5FC0E /* Assets.xcassets in Resources */ = {isa = PBXBuildFile; fileRef = ED47EDA71ECF4D0E00F5FC0E /* Assets.xcassets */; };
		ED47EDAB1ECF4D0E00F5FC0E /* LaunchScreen.storyboard in Resources */ = {isa = PBXBuildFile; fileRef = ED47EDA91ECF4D0E00F5FC0E /* LaunchScreen.storyboard */; };
		ED47EDB31ECF4DD400F5FC0E /* HomeScreenVC.swift in Sources */ = {isa = PBXBuildFile; fileRef = ED47EDB21ECF4DD400F5FC0E /* HomeScreenVC.swift */; };
		ED47EDB51ECF51B000F5FC0E /* ProductCellVC.swift in Sources */ = {isa = PBXBuildFile; fileRef = ED47EDB41ECF51B000F5FC0E /* ProductCellVC.swift */; };
		F1358B4124F7E7E200C9FD8B /* BallonMaker.swift in Sources */ = {isa = PBXBuildFile; fileRef = F1358B4024F7E7E200C9FD8B /* BallonMaker.swift */; };
		F13B7D4424E26D1500F26766 /* Item.swift in Sources */ = {isa = PBXBuildFile; fileRef = F13B7D4324E26D1500F26766 /* Item.swift */; };
/* End PBXBuildFile section */

/* Begin PBXFileReference section */
		06C88CDDE405B7BDE1BCBA7E /* Pods_BeginnerTableView.framework */ = {isa = PBXFileReference; explicitFileType = wrapper.framework; includeInIndex = 0; path = Pods_BeginnerTableView.framework; sourceTree = BUILT_PRODUCTS_DIR; };
		2B978E8124E776F900B34A24 /* DetailVC.swift */ = {isa = PBXFileReference; lastKnownFileType = sourcecode.swift; path = DetailVC.swift; sourceTree = "<group>"; };
		2D04BE1D473ECF60A4E8C548 /* Pods-BeginnerTableView.debug.xcconfig */ = {isa = PBXFileReference; includeInIndex = 1; lastKnownFileType = text.xcconfig; name = "Pods-BeginnerTableView.debug.xcconfig"; path = "Target Support Files/Pods-BeginnerTableView/Pods-BeginnerTableView.debug.xcconfig"; sourceTree = "<group>"; };
		9E131B2D24EB966F00F81134 /* ScannerController.swift */ = {isa = PBXFileReference; lastKnownFileType = sourcecode.swift; path = ScannerController.swift; sourceTree = "<group>"; };
		CB90B57462738AFE35645C22 /* Pods-BeginnerTableView.release.xcconfig */ = {isa = PBXFileReference; includeInIndex = 1; lastKnownFileType = text.xcconfig; name = "Pods-BeginnerTableView.release.xcconfig"; path = "Target Support Files/Pods-BeginnerTableView/Pods-BeginnerTableView.release.xcconfig"; sourceTree = "<group>"; };
		ED47ED9D1ECF4D0E00F5FC0E /* BeginnerTableView.app */ = {isa = PBXFileReference; explicitFileType = wrapper.application; includeInIndex = 0; path = BeginnerTableView.app; sourceTree = BUILT_PRODUCTS_DIR; };
		ED47EDA01ECF4D0E00F5FC0E /* AppDelegate.swift */ = {isa = PBXFileReference; lastKnownFileType = sourcecode.swift; path = AppDelegate.swift; sourceTree = "<group>"; };
		ED47EDA51ECF4D0E00F5FC0E /* Base */ = {isa = PBXFileReference; lastKnownFileType = file.storyboard; name = Base; path = Base.lproj/Main.storyboard; sourceTree = "<group>"; };
		ED47EDA71ECF4D0E00F5FC0E /* Assets.xcassets */ = {isa = PBXFileReference; lastKnownFileType = folder.assetcatalog; path = Assets.xcassets; sourceTree = "<group>"; };
		ED47EDAA1ECF4D0E00F5FC0E /* Base */ = {isa = PBXFileReference; lastKnownFileType = file.storyboard; name = Base; path = Base.lproj/LaunchScreen.storyboard; sourceTree = "<group>"; };
		ED47EDAC1ECF4D0E00F5FC0E /* Info.plist */ = {isa = PBXFileReference; lastKnownFileType = text.plist.xml; path = Info.plist; sourceTree = "<group>"; };
		ED47EDB21ECF4DD400F5FC0E /* HomeScreenVC.swift */ = {isa = PBXFileReference; fileEncoding = 4; lastKnownFileType = sourcecode.swift; path = HomeScreenVC.swift; sourceTree = "<group>"; };
		ED47EDB41ECF51B000F5FC0E /* ProductCellVC.swift */ = {isa = PBXFileReference; fileEncoding = 4; lastKnownFileType = sourcecode.swift; path = ProductCellVC.swift; sourceTree = "<group>"; };
		F1358B4024F7E7E200C9FD8B /* BallonMaker.swift */ = {isa = PBXFileReference; lastKnownFileType = sourcecode.swift; path = BallonMaker.swift; sourceTree = "<group>"; };
		F13B7D4324E26D1500F26766 /* Item.swift */ = {isa = PBXFileReference; lastKnownFileType = sourcecode.swift; path = Item.swift; sourceTree = "<group>"; };
/* End PBXFileReference section */

/* Begin PBXFrameworksBuildPhase section */
		ED47ED9A1ECF4D0E00F5FC0E /* Frameworks */ = {
			isa = PBXFrameworksBuildPhase;
			buildActionMask = 2147483647;
			files = (
				BA68E821BA943A3D1C4C1FA6 /* Pods_BeginnerTableView.framework in Frameworks */,
			);
			runOnlyForDeploymentPostprocessing = 0;
		};
/* End PBXFrameworksBuildPhase section */

/* Begin PBXGroup section */
		76542EFF3B91E9CD21FDB328 /* Pods */ = {
			isa = PBXGroup;
			children = (
				2D04BE1D473ECF60A4E8C548 /* Pods-BeginnerTableView.debug.xcconfig */,
				CB90B57462738AFE35645C22 /* Pods-BeginnerTableView.release.xcconfig */,
			);
			path = Pods;
			sourceTree = "<group>";
		};
		A84D27ABCE6E0F188B440008 /* Frameworks */ = {
			isa = PBXGroup;
			children = (
				06C88CDDE405B7BDE1BCBA7E /* Pods_BeginnerTableView.framework */,
			);
			name = Frameworks;
			sourceTree = "<group>";
		};
		ED47ED941ECF4D0E00F5FC0E = {
			isa = PBXGroup;
			children = (
				ED47ED9F1ECF4D0E00F5FC0E /* BeginnerTableView */,
				ED47ED9E1ECF4D0E00F5FC0E /* Products */,
				76542EFF3B91E9CD21FDB328 /* Pods */,
				A84D27ABCE6E0F188B440008 /* Frameworks */,
			);
			sourceTree = "<group>";
		};
		ED47ED9E1ECF4D0E00F5FC0E /* Products */ = {
			isa = PBXGroup;
			children = (
				ED47ED9D1ECF4D0E00F5FC0E /* BeginnerTableView.app */,
			);
			name = Products;
			sourceTree = "<group>";
		};
		ED47ED9F1ECF4D0E00F5FC0E /* BeginnerTableView */ = {
			isa = PBXGroup;
			children = (
				ED47EDA01ECF4D0E00F5FC0E /* AppDelegate.swift */,
				F1386B6424F6007E00BACC3F /* Controllers */,
				F13B7D4324E26D1500F26766 /* Item.swift */,
				F1358B4024F7E7E200C9FD8B /* BallonMaker.swift */,
				9E131B2D24EB966F00F81134 /* ScannerController.swift */,
				ED47EDA41ECF4D0E00F5FC0E /* Main.storyboard */,
				ED47EDA71ECF4D0E00F5FC0E /* Assets.xcassets */,
				ED47EDA91ECF4D0E00F5FC0E /* LaunchScreen.storyboard */,
				ED47EDAC1ECF4D0E00F5FC0E /* Info.plist */,
			);
			path = BeginnerTableView;
			sourceTree = "<group>";
		};
		F1386B6424F6007E00BACC3F /* Controllers */ = {
			isa = PBXGroup;
			children = (
				ED47EDB21ECF4DD400F5FC0E /* HomeScreenVC.swift */,
				ED47EDB41ECF51B000F5FC0E /* ProductCellVC.swift */,
				2B978E8124E776F900B34A24 /* DetailVC.swift */,
			);
			path = Controllers;
			sourceTree = "<group>";
		};
/* End PBXGroup section */

/* Begin PBXNativeTarget section */
		ED47ED9C1ECF4D0E00F5FC0E /* BeginnerTableView */ = {
			isa = PBXNativeTarget;
			buildConfigurationList = ED47EDAF1ECF4D0E00F5FC0E /* Build configuration list for PBXNativeTarget "BeginnerTableView" */;
			buildPhases = (
				2699D8A570C274342E401771 /* [CP] Check Pods Manifest.lock */,
				ED47ED991ECF4D0E00F5FC0E /* Sources */,
				ED47ED9A1ECF4D0E00F5FC0E /* Frameworks */,
				ED47ED9B1ECF4D0E00F5FC0E /* Resources */,
				66A7149C7FD1CDE3486C7C8B /* [CP] Embed Pods Frameworks */,
			);
			buildRules = (
			);
			dependencies = (
			);
			name = BeginnerTableView;
			productName = BeginnerTableView;
			productReference = ED47ED9D1ECF4D0E00F5FC0E /* BeginnerTableView.app */;
			productType = "com.apple.product-type.application";
		};
/* End PBXNativeTarget section */

/* Begin PBXProject section */
		ED47ED951ECF4D0E00F5FC0E /* Project object */ = {
			isa = PBXProject;
			attributes = {
				LastSwiftUpdateCheck = 0830;
				LastUpgradeCheck = 1100;
				ORGANIZATIONNAME = "Sean Allen";
				TargetAttributes = {
					ED47ED9C1ECF4D0E00F5FC0E = {
						CreatedOnToolsVersion = 8.3.2;
						DevelopmentTeam = 88376Y72S7;
						LastSwiftMigration = 1100;
						ProvisioningStyle = Automatic;
					};
				};
			};
			buildConfigurationList = ED47ED981ECF4D0E00F5FC0E /* Build configuration list for PBXProject "BeginnerTableView" */;
			compatibilityVersion = "Xcode 3.2";
			developmentRegion = English;
			hasScannedForEncodings = 0;
			knownRegions = (
				English,
				en,
				Base,
			);
			mainGroup = ED47ED941ECF4D0E00F5FC0E;
			productRefGroup = ED47ED9E1ECF4D0E00F5FC0E /* Products */;
			projectDirPath = "";
			projectRoot = "";
			targets = (
				ED47ED9C1ECF4D0E00F5FC0E /* BeginnerTableView */,
			);
		};
/* End PBXProject section */

/* Begin PBXResourcesBuildPhase section */
		ED47ED9B1ECF4D0E00F5FC0E /* Resources */ = {
			isa = PBXResourcesBuildPhase;
			buildActionMask = 2147483647;
			files = (
				ED47EDAB1ECF4D0E00F5FC0E /* LaunchScreen.storyboard in Resources */,
				ED47EDA81ECF4D0E00F5FC0E /* Assets.xcassets in Resources */,
				ED47EDA61ECF4D0E00F5FC0E /* Main.storyboard in Resources */,
			);
			runOnlyForDeploymentPostprocessing = 0;
		};
/* End PBXResourcesBuildPhase section */

/* Begin PBXShellScriptBuildPhase section */
		2699D8A570C274342E401771 /* [CP] Check Pods Manifest.lock */ = {
			isa = PBXShellScriptBuildPhase;
			buildActionMask = 2147483647;
			files = (
			);
			inputFileListPaths = (
			);
			inputPaths = (
				"${PODS_PODFILE_DIR_PATH}/Podfile.lock",
				"${PODS_ROOT}/Manifest.lock",
			);
			name = "[CP] Check Pods Manifest.lock";
			outputFileListPaths = (
			);
			outputPaths = (
				"$(DERIVED_FILE_DIR)/Pods-BeginnerTableView-checkManifestLockResult.txt",
			);
			runOnlyForDeploymentPostprocessing = 0;
			shellPath = /bin/sh;
			shellScript = "diff \"${PODS_PODFILE_DIR_PATH}/Podfile.lock\" \"${PODS_ROOT}/Manifest.lock\" > /dev/null\nif [ $? != 0 ] ; then\n    # print error to STDERR\n    echo \"error: The sandbox is not in sync with the Podfile.lock. Run 'pod install' or update your CocoaPods installation.\" >&2\n    exit 1\nfi\n# This output is used by Xcode 'outputs' to avoid re-running this script phase.\necho \"SUCCESS\" > \"${SCRIPT_OUTPUT_FILE_0}\"\n";
			showEnvVarsInLog = 0;
		};
		66A7149C7FD1CDE3486C7C8B /* [CP] Embed Pods Frameworks */ = {
			isa = PBXShellScriptBuildPhase;
			buildActionMask = 2147483647;
			files = (
			);
			inputPaths = (
				"${PODS_ROOT}/Target Support Files/Pods-BeginnerTableView/Pods-BeginnerTableView-frameworks.sh",
				"${BUILT_PRODUCTS_DIR}/Charts/Charts.framework",
			);
			name = "[CP] Embed Pods Frameworks";
			outputPaths = (
				"${TARGET_BUILD_DIR}/${FRAMEWORKS_FOLDER_PATH}/Charts.framework",
			);
			runOnlyForDeploymentPostprocessing = 0;
			shellPath = /bin/sh;
			shellScript = "\"${PODS_ROOT}/Target Support Files/Pods-BeginnerTableView/Pods-BeginnerTableView-frameworks.sh\"\n";
			showEnvVarsInLog = 0;
		};
/* End PBXShellScriptBuildPhase section */

/* Begin PBXSourcesBuildPhase section */
		ED47ED991ECF4D0E00F5FC0E /* Sources */ = {
			isa = PBXSourcesBuildPhase;
			buildActionMask = 2147483647;
			files = (
				F13B7D4424E26D1500F26766 /* Item.swift in Sources */,
				F1358B4124F7E7E200C9FD8B /* BallonMaker.swift in Sources */,
				ED47EDA11ECF4D0E00F5FC0E /* AppDelegate.swift in Sources */,
				ED47EDB31ECF4DD400F5FC0E /* HomeScreenVC.swift in Sources */,
				ED47EDB51ECF51B000F5FC0E /* ProductCellVC.swift in Sources */,
				9E131B2E24EB966F00F81134 /* ScannerController.swift in Sources */,
				2B978E8224E776F900B34A24 /* DetailVC.swift in Sources */,
			);
			runOnlyForDeploymentPostprocessing = 0;
		};
/* End PBXSourcesBuildPhase section */

/* Begin PBXVariantGroup section */
		ED47EDA41ECF4D0E00F5FC0E /* Main.storyboard */ = {
			isa = PBXVariantGroup;
			children = (
				ED47EDA51ECF4D0E00F5FC0E /* Base */,
			);
			name = Main.storyboard;
			sourceTree = "<group>";
		};
		ED47EDA91ECF4D0E00F5FC0E /* LaunchScreen.storyboard */ = {
			isa = PBXVariantGroup;
			children = (
				ED47EDAA1ECF4D0E00F5FC0E /* Base */,
			);
			name = LaunchScreen.storyboard;
			sourceTree = "<group>";
		};
/* End PBXVariantGroup section */

/* Begin XCBuildConfiguration section */
		ED47EDAD1ECF4D0E00F5FC0E /* Debug */ = {
			isa = XCBuildConfiguration;
			buildSettings = {
				ALWAYS_SEARCH_USER_PATHS = NO;
				CLANG_ANALYZER_LOCALIZABILITY_NONLOCALIZED = YES;
				CLANG_ANALYZER_NONNULL = YES;
				CLANG_ANALYZER_NUMBER_OBJECT_CONVERSION = YES_AGGRESSIVE;
				CLANG_CXX_LANGUAGE_STANDARD = "gnu++0x";
				CLANG_CXX_LIBRARY = "libc++";
				CLANG_ENABLE_MODULES = YES;
				CLANG_ENABLE_OBJC_ARC = YES;
				CLANG_WARN_BLOCK_CAPTURE_AUTORELEASING = YES;
				CLANG_WARN_BOOL_CONVERSION = YES;
				CLANG_WARN_COMMA = YES;
				CLANG_WARN_CONSTANT_CONVERSION = YES;
				CLANG_WARN_DEPRECATED_OBJC_IMPLEMENTATIONS = YES;
				CLANG_WARN_DIRECT_OBJC_ISA_USAGE = YES_ERROR;
				CLANG_WARN_DOCUMENTATION_COMMENTS = YES;
				CLANG_WARN_EMPTY_BODY = YES;
				CLANG_WARN_ENUM_CONVERSION = YES;
				CLANG_WARN_INFINITE_RECURSION = YES;
				CLANG_WARN_INT_CONVERSION = YES;
				CLANG_WARN_NON_LITERAL_NULL_CONVERSION = YES;
				CLANG_WARN_OBJC_IMPLICIT_RETAIN_SELF = YES;
				CLANG_WARN_OBJC_LITERAL_CONVERSION = YES;
				CLANG_WARN_OBJC_ROOT_CLASS = YES_ERROR;
				CLANG_WARN_RANGE_LOOP_ANALYSIS = YES;
				CLANG_WARN_STRICT_PROTOTYPES = YES;
				CLANG_WARN_SUSPICIOUS_MOVE = YES;
				CLANG_WARN_UNREACHABLE_CODE = YES;
				CLANG_WARN__DUPLICATE_METHOD_MATCH = YES;
				"CODE_SIGN_IDENTITY[sdk=iphoneos*]" = "iPhone Developer";
				COPY_PHASE_STRIP = NO;
				DEBUG_INFORMATION_FORMAT = dwarf;
				ENABLE_STRICT_OBJC_MSGSEND = YES;
				ENABLE_TESTABILITY = YES;
				GCC_C_LANGUAGE_STANDARD = gnu99;
				GCC_DYNAMIC_NO_PIC = NO;
				GCC_NO_COMMON_BLOCKS = YES;
				GCC_OPTIMIZATION_LEVEL = 0;
				GCC_PREPROCESSOR_DEFINITIONS = (
					"DEBUG=1",
					"$(inherited)",
				);
				GCC_WARN_64_TO_32_BIT_CONVERSION = YES;
				GCC_WARN_ABOUT_RETURN_TYPE = YES_ERROR;
				GCC_WARN_UNDECLARED_SELECTOR = YES;
				GCC_WARN_UNINITIALIZED_AUTOS = YES_AGGRESSIVE;
				GCC_WARN_UNUSED_FUNCTION = YES;
				GCC_WARN_UNUSED_VARIABLE = YES;
				IPHONEOS_DEPLOYMENT_TARGET = 10.3;
				MTL_ENABLE_DEBUG_INFO = YES;
				ONLY_ACTIVE_ARCH = YES;
				SDKROOT = iphoneos;
				SWIFT_ACTIVE_COMPILATION_CONDITIONS = DEBUG;
				SWIFT_OPTIMIZATION_LEVEL = "-Onone";
				TARGETED_DEVICE_FAMILY = "1,2";
			};
			name = Debug;
		};
		ED47EDAE1ECF4D0E00F5FC0E /* Release */ = {
			isa = XCBuildConfiguration;
			buildSettings = {
				ALWAYS_SEARCH_USER_PATHS = NO;
				CLANG_ANALYZER_LOCALIZABILITY_NONLOCALIZED = YES;
				CLANG_ANALYZER_NONNULL = YES;
				CLANG_ANALYZER_NUMBER_OBJECT_CONVERSION = YES_AGGRESSIVE;
				CLANG_CXX_LANGUAGE_STANDARD = "gnu++0x";
				CLANG_CXX_LIBRARY = "libc++";
				CLANG_ENABLE_MODULES = YES;
				CLANG_ENABLE_OBJC_ARC = YES;
				CLANG_WARN_BLOCK_CAPTURE_AUTORELEASING = YES;
				CLANG_WARN_BOOL_CONVERSION = YES;
				CLANG_WARN_COMMA = YES;
				CLANG_WARN_CONSTANT_CONVERSION = YES;
				CLANG_WARN_DEPRECATED_OBJC_IMPLEMENTATIONS = YES;
				CLANG_WARN_DIRECT_OBJC_ISA_USAGE = YES_ERROR;
				CLANG_WARN_DOCUMENTATION_COMMENTS = YES;
				CLANG_WARN_EMPTY_BODY = YES;
				CLANG_WARN_ENUM_CONVERSION = YES;
				CLANG_WARN_INFINITE_RECURSION = YES;
				CLANG_WARN_INT_CONVERSION = YES;
				CLANG_WARN_NON_LITERAL_NULL_CONVERSION = YES;
				CLANG_WARN_OBJC_IMPLICIT_RETAIN_SELF = YES;
				CLANG_WARN_OBJC_LITERAL_CONVERSION = YES;
				CLANG_WARN_OBJC_ROOT_CLASS = YES_ERROR;
				CLANG_WARN_RANGE_LOOP_ANALYSIS = YES;
				CLANG_WARN_STRICT_PROTOTYPES = YES;
				CLANG_WARN_SUSPICIOUS_MOVE = YES;
				CLANG_WARN_UNREACHABLE_CODE = YES;
				CLANG_WARN__DUPLICATE_METHOD_MATCH = YES;
				"CODE_SIGN_IDENTITY[sdk=iphoneos*]" = "iPhone Developer";
				COPY_PHASE_STRIP = NO;
				DEBUG_INFORMATION_FORMAT = "dwarf-with-dsym";
				ENABLE_NS_ASSERTIONS = NO;
				ENABLE_STRICT_OBJC_MSGSEND = YES;
				GCC_C_LANGUAGE_STANDARD = gnu99;
				GCC_NO_COMMON_BLOCKS = YES;
				GCC_WARN_64_TO_32_BIT_CONVERSION = YES;
				GCC_WARN_ABOUT_RETURN_TYPE = YES_ERROR;
				GCC_WARN_UNDECLARED_SELECTOR = YES;
				GCC_WARN_UNINITIALIZED_AUTOS = YES_AGGRESSIVE;
				GCC_WARN_UNUSED_FUNCTION = YES;
				GCC_WARN_UNUSED_VARIABLE = YES;
				IPHONEOS_DEPLOYMENT_TARGET = 10.3;
				MTL_ENABLE_DEBUG_INFO = NO;
				SDKROOT = iphoneos;
				SWIFT_OPTIMIZATION_LEVEL = "-Owholemodule";
				TARGETED_DEVICE_FAMILY = "1,2";
				VALIDATE_PRODUCT = YES;
			};
			name = Release;
		};
		ED47EDB01ECF4D0E00F5FC0E /* Debug */ = {
			isa = XCBuildConfiguration;
			baseConfigurationReference = 2D04BE1D473ECF60A4E8C548 /* Pods-BeginnerTableView.debug.xcconfig */;
			buildSettings = {
				ASSETCATALOG_COMPILER_APPICON_NAME = AppIcon;
				DEVELOPMENT_TEAM = 88376Y72S7;
				INFOPLIST_FILE = BeginnerTableView/Info.plist;
				LD_RUNPATH_SEARCH_PATHS = "$(inherited) @executable_path/Frameworks";
				PRODUCT_BUNDLE_IDENTIFIER = "Harry-Collard";
				PRODUCT_NAME = "$(TARGET_NAME)";
				SWIFT_SWIFT3_OBJC_INFERENCE = On;
				SWIFT_VERSION = 5.0;
			};
			name = Debug;
		};
		ED47EDB11ECF4D0E00F5FC0E /* Release */ = {
			isa = XCBuildConfiguration;
			baseConfigurationReference = CB90B57462738AFE35645C22 /* Pods-BeginnerTableView.release.xcconfig */;
			buildSettings = {
				ASSETCATALOG_COMPILER_APPICON_NAME = AppIcon;
				DEVELOPMENT_TEAM = 88376Y72S7;
				INFOPLIST_FILE = BeginnerTableView/Info.plist;
				LD_RUNPATH_SEARCH_PATHS = "$(inherited) @executable_path/Frameworks";
				PRODUCT_BUNDLE_IDENTIFIER = "Harry-Collard";
				PRODUCT_NAME = "$(TARGET_NAME)";
				SWIFT_SWIFT3_OBJC_INFERENCE = On;
				SWIFT_VERSION = 5.0;
			};
			name = Release;
		};
/* End XCBuildConfiguration section */

/* Begin XCConfigurationList section */
		ED47ED981ECF4D0E00F5FC0E /* Build configuration list for PBXProject "BeginnerTableView" */ = {
			isa = XCConfigurationList;
			buildConfigurations = (
				ED47EDAD1ECF4D0E00F5FC0E /* Debug */,
				ED47EDAE1ECF4D0E00F5FC0E /* Release */,
			);
			defaultConfigurationIsVisible = 0;
			defaultConfigurationName = Release;
		};
		ED47EDAF1ECF4D0E00F5FC0E /* Build configuration list for PBXNativeTarget "BeginnerTableView" */ = {
			isa = XCConfigurationList;
			buildConfigurations = (
				ED47EDB01ECF4D0E00F5FC0E /* Debug */,
				ED47EDB11ECF4D0E00F5FC0E /* Release */,
			);
			defaultConfigurationIsVisible = 0;
			defaultConfigurationName = Release;
		};
/* End XCConfigurationList section */
	};
	rootObject = ED47ED951ECF4D0E00F5FC0E /* Project object */;
}
